
Microsoft Visual Studio Solution File, Format Version 12.00
# Visual Studio Version 17
VisualStudioVersion = 17.0.32112.339
MinimumVisualStudioVersion = 10.0.40219.1
Project("{FAE04EC0-301F-11D3-BF4B-00C04F79EFBC}") = "SignalR", "SignalR\SignalR.csproj", "{723C31AE-044E-436C-A212-1F03BFFBFE4B}"
EndProject
Project("{FAE04EC0-301F-11D3-BF4B-00C04F79EFBC}") = "BlazorClient", "BlazorClient\BlazorClient.csproj", "{FCB6203F-DC98-40DE-97F1-D83FDD52ABCC}"
EndProject
Project("{FAE04EC0-301F-11D3-BF4B-00C04F79EFBC}") = "WpfClient", "WpfClient\WpfClient.csproj", "{87030DAC-8AB3-420C-B3C7-66177DE63BB2}"
EndProject
Project("{FAE04EC0-301F-11D3-BF4B-00C04F79EFBC}") = "FrameworkHub", "FrameworkHub\FrameworkHub.csproj", "{FA886C1D-2DDD-4DC4-BBA8-DA57F758D564}"
EndProject
Project("{FAE04EC0-301F-11D3-BF4B-00C04F79EFBC}") = "FrameworkWpfClient", "FrameworkWpfClient\FrameworkWpfClient.csproj", "{913CC733-81A0-42A4-BAFA-23296EB9575C}"
EndProject
Project("{FAE04EC0-301F-11D3-BF4B-00C04F79EFBC}") = "SignalRWorker", "SignalRWorker\SignalRWorker.csproj", "{C23BEEF7-65B8-466B-AEBB-66454C038980}"
EndProject
Project("{FAE04EC0-301F-11D3-BF4B-00C04F79EFBC}") = "BlazorWpfClient", "BlazorWpfClient\BlazorWpfClient.csproj", "{40C7F579-8F1A-43CE-8E08-0276C50E378B}"
EndProject
Global
	GlobalSection(SolutionConfigurationPlatforms) = preSolution
		Debug|Any CPU = Debug|Any CPU
		Release|Any CPU = Release|Any CPU
	EndGlobalSection
	GlobalSection(ProjectConfigurationPlatforms) = postSolution
		{723C31AE-044E-436C-A212-1F03BFFBFE4B}.Debug|Any CPU.ActiveCfg = Debug|Any CPU
		{723C31AE-044E-436C-A212-1F03BFFBFE4B}.Debug|Any CPU.Build.0 = Debug|Any CPU
		{723C31AE-044E-436C-A212-1F03BFFBFE4B}.Release|Any CPU.ActiveCfg = Release|Any CPU
		{723C31AE-044E-436C-A212-1F03BFFBFE4B}.Release|Any CPU.Build.0 = Release|Any CPU
		{FCB6203F-DC98-40DE-97F1-D83FDD52ABCC}.Debug|Any CPU.ActiveCfg = Debug|Any CPU
		{FCB6203F-DC98-40DE-97F1-D83FDD52ABCC}.Debug|Any CPU.Build.0 = Debug|Any CPU
		{FCB6203F-DC98-40DE-97F1-D83FDD52ABCC}.Release|Any CPU.ActiveCfg = Release|Any CPU
		{FCB6203F-DC98-40DE-97F1-D83FDD52ABCC}.Release|Any CPU.Build.0 = Release|Any CPU
		{87030DAC-8AB3-420C-B3C7-66177DE63BB2}.Debug|Any CPU.ActiveCfg = Debug|Any CPU
		{87030DAC-8AB3-420C-B3C7-66177DE63BB2}.Debug|Any CPU.Build.0 = Debug|Any CPU
		{87030DAC-8AB3-420C-B3C7-66177DE63BB2}.Release|Any CPU.ActiveCfg = Release|Any CPU
		{87030DAC-8AB3-420C-B3C7-66177DE63BB2}.Release|Any CPU.Build.0 = Release|Any CPU
		{FA886C1D-2DDD-4DC4-BBA8-DA57F758D564}.Debug|Any CPU.ActiveCfg = Debug|Any CPU
		{FA886C1D-2DDD-4DC4-BBA8-DA57F758D564}.Debug|Any CPU.Build.0 = Debug|Any CPU
		{FA886C1D-2DDD-4DC4-BBA8-DA57F758D564}.Release|Any CPU.ActiveCfg = Release|Any CPU
		{FA886C1D-2DDD-4DC4-BBA8-DA57F758D564}.Release|Any CPU.Build.0 = Release|Any CPU
		{913CC733-81A0-42A4-BAFA-23296EB9575C}.Debug|Any CPU.ActiveCfg = Debug|Any CPU
		{913CC733-81A0-42A4-BAFA-23296EB9575C}.Debug|Any CPU.Build.0 = Debug|Any CPU
		{913CC733-81A0-42A4-BAFA-23296EB9575C}.Release|Any CPU.ActiveCfg = Release|Any CPU
		{913CC733-81A0-42A4-BAFA-23296EB9575C}.Release|Any CPU.Build.0 = Release|Any CPU
		{C23BEEF7-65B8-466B-AEBB-66454C038980}.Debug|Any CPU.ActiveCfg = Debug|Any CPU
		{C23BEEF7-65B8-466B-AEBB-66454C038980}.Debug|Any CPU.Build.0 = Debug|Any CPU
		{C23BEEF7-65B8-466B-AEBB-66454C038980}.Release|Any CPU.ActiveCfg = Release|Any CPU
		{C23BEEF7-65B8-466B-AEBB-66454C038980}.Release|Any CPU.Build.0 = Release|Any CPU
		{40C7F579-8F1A-43CE-8E08-0276C50E378B}.Debug|Any CPU.ActiveCfg = Debug|Any CPU
		{40C7F579-8F1A-43CE-8E08-0276C50E378B}.Debug|Any CPU.Build.0 = Debug|Any CPU
		{40C7F579-8F1A-43CE-8E08-0276C50E378B}.Release|Any CPU.ActiveCfg = Release|Any CPU
		{40C7F579-8F1A-43CE-8E08-0276C50E378B}.Release|Any CPU.Build.0 = Release|Any CPU
	EndGlobalSection
	GlobalSection(SolutionProperties) = preSolution
		HideSolutionNode = FALSE
	EndGlobalSection
	GlobalSection(ExtensibilityGlobals) = postSolution
		SolutionGuid = {E9571B91-9E65-487C-B409-0EA0ED75DFB5}
	EndGlobalSection
EndGlobal
